// !$*UTF8*$!
{
	archiveVersion = 1;
	classes = {
	};
	objectVersion = 50;
	objects = {

/* Begin PBXBuildFile section */
		A93A4EB421F6DB27004E1209 /* AppDelegate.swift in Sources */ = {isa = PBXBuildFile; fileRef = A93A4EB321F6DB27004E1209 /* AppDelegate.swift */; };
		A93A4EB621F6DB27004E1209 /* ViewController.swift in Sources */ = {isa = PBXBuildFile; fileRef = A93A4EB521F6DB27004E1209 /* ViewController.swift */; };
		A93A4EB921F6DB27004E1209 /* Main.storyboard in Resources */ = {isa = PBXBuildFile; fileRef = A93A4EB721F6DB27004E1209 /* Main.storyboard */; };
		A93A4EBB21F6DB29004E1209 /* Assets.xcassets in Resources */ = {isa = PBXBuildFile; fileRef = A93A4EBA21F6DB29004E1209 /* Assets.xcassets */; };
		A93A4EBE21F6DB29004E1209 /* LaunchScreen.storyboard in Resources */ = {isa = PBXBuildFile; fileRef = A93A4EBC21F6DB29004E1209 /* LaunchScreen.storyboard */; };
		A93A4EC921F6DB29004E1209 /* LocalGlimpseTests.swift in Sources */ = {isa = PBXBuildFile; fileRef = A93A4EC821F6DB29004E1209 /* LocalGlimpseTests.swift */; };
		A93A4ED421F6DB29004E1209 /* LocalGlimpseUITests.swift in Sources */ = {isa = PBXBuildFile; fileRef = A93A4ED321F6DB29004E1209 /* LocalGlimpseUITests.swift */; };
/* End PBXBuildFile section */

/* Begin PBXContainerItemProxy section */
		A93A4EC521F6DB29004E1209 /* PBXContainerItemProxy */ = {
			isa = PBXContainerItemProxy;
			containerPortal = A93A4EA821F6DB27004E1209 /* Project object */;
			proxyType = 1;
			remoteGlobalIDString = A93A4EAF21F6DB27004E1209;
			remoteInfo = LocalGlimpse;
		};
		A93A4ED021F6DB29004E1209 /* PBXContainerItemProxy */ = {
			isa = PBXContainerItemProxy;
			containerPortal = A93A4EA821F6DB27004E1209 /* Project object */;
			proxyType = 1;
			remoteGlobalIDString = A93A4EAF21F6DB27004E1209;
			remoteInfo = LocalGlimpse;
		};
/* End PBXContainerItemProxy section */

/* Begin PBXFileReference section */
		A93A4EB021F6DB27004E1209 /* LocalGlimpse.app */ = {isa = PBXFileReference; explicitFileType = wrapper.application; includeInIndex = 0; path = LocalGlimpse.app; sourceTree = BUILT_PRODUCTS_DIR; };
		A93A4EB321F6DB27004E1209 /* AppDelegate.swift */ = {isa = PBXFileReference; lastKnownFileType = sourcecode.swift; path = AppDelegate.swift; sourceTree = "<group>"; };
		A93A4EB521F6DB27004E1209 /* ViewController.swift */ = {isa = PBXFileReference; lastKnownFileType = sourcecode.swift; path = ViewController.swift; sourceTree = "<group>"; };
		A93A4EB821F6DB27004E1209 /* Base */ = {isa = PBXFileReference; lastKnownFileType = file.storyboard; name = Base; path = Base.lproj/Main.storyboard; sourceTree = "<group>"; };
		A93A4EBA21F6DB29004E1209 /* Assets.xcassets */ = {isa = PBXFileReference; lastKnownFileType = folder.assetcatalog; path = Assets.xcassets; sourceTree = "<group>"; };
		A93A4EBD21F6DB29004E1209 /* Base */ = {isa = PBXFileReference; lastKnownFileType = file.storyboard; name = Base; path = Base.lproj/LaunchScreen.storyboard; sourceTree = "<group>"; };
		A93A4EBF21F6DB29004E1209 /* Info.plist */ = {isa = PBXFileReference; lastKnownFileType = text.plist.xml; path = Info.plist; sourceTree = "<group>"; };
		A93A4EC421F6DB29004E1209 /* LocalGlimpseTests.xctest */ = {isa = PBXFileReference; explicitFileType = wrapper.cfbundle; includeInIndex = 0; path = LocalGlimpseTests.xctest; sourceTree = BUILT_PRODUCTS_DIR; };
		A93A4EC821F6DB29004E1209 /* LocalGlimpseTests.swift */ = {isa = PBXFileReference; lastKnownFileType = sourcecode.swift; path = LocalGlimpseTests.swift; sourceTree = "<group>"; };
		A93A4ECA21F6DB29004E1209 /* Info.plist */ = {isa = PBXFileReference; lastKnownFileType = text.plist.xml; path = Info.plist; sourceTree = "<group>"; };
		A93A4ECF21F6DB29004E1209 /* LocalGlimpseUITests.xctest */ = {isa = PBXFileReference; explicitFileType = wrapper.cfbundle; includeInIndex = 0; path = LocalGlimpseUITests.xctest; sourceTree = BUILT_PRODUCTS_DIR; };
		A93A4ED321F6DB29004E1209 /* LocalGlimpseUITests.swift */ = {isa = PBXFileReference; lastKnownFileType = sourcecode.swift; path = LocalGlimpseUITests.swift; sourceTree = "<group>"; };
		A93A4ED521F6DB29004E1209 /* Info.plist */ = {isa = PBXFileReference; lastKnownFileType = text.plist.xml; path = Info.plist; sourceTree = "<group>"; };
/* End PBXFileReference section */

/* Begin PBXFrameworksBuildPhase section */
		A93A4EAD21F6DB27004E1209 /* Frameworks */ = {
			isa = PBXFrameworksBuildPhase;
			buildActionMask = 2147483647;
			files = (
			);
			runOnlyForDeploymentPostprocessing = 0;
		};
		A93A4EC121F6DB29004E1209 /* Frameworks */ = {
			isa = PBXFrameworksBuildPhase;
			buildActionMask = 2147483647;
			files = (
			);
			runOnlyForDeploymentPostprocessing = 0;
		};
		A93A4ECC21F6DB29004E1209 /* Frameworks */ = {
			isa = PBXFrameworksBuildPhase;
			buildActionMask = 2147483647;
			files = (
			);
			runOnlyForDeploymentPostprocessing = 0;
		};
/* End PBXFrameworksBuildPhase section */

/* Begin PBXGroup section */
		A93A4EA721F6DB27004E1209 = {
			isa = PBXGroup;
			children = (
				A93A4EB221F6DB27004E1209 /* LocalGlimpse */,
				A93A4EC721F6DB29004E1209 /* LocalGlimpseTests */,
				A93A4ED221F6DB29004E1209 /* LocalGlimpseUITests */,
				A93A4EB121F6DB27004E1209 /* Products */,
			);
			sourceTree = "<group>";
		};
		A93A4EB121F6DB27004E1209 /* Products */ = {
			isa = PBXGroup;
			children = (
				A93A4EB021F6DB27004E1209 /* LocalGlimpse.app */,
				A93A4EC421F6DB29004E1209 /* LocalGlimpseTests.xctest */,
				A93A4ECF21F6DB29004E1209 /* LocalGlimpseUITests.xctest */,
			);
			name = Products;
			sourceTree = "<group>";
		};
		A93A4EB221F6DB27004E1209 /* LocalGlimpse */ = {
			isa = PBXGroup;
			children = (
				A93A4EB321F6DB27004E1209 /* AppDelegate.swift */,
				A93A4EB521F6DB27004E1209 /* ViewController.swift */,
				A93A4EB721F6DB27004E1209 /* Main.storyboard */,
				A93A4EBA21F6DB29004E1209 /* Assets.xcassets */,
				A93A4EBC21F6DB29004E1209 /* LaunchScreen.storyboard */,
				A93A4EBF21F6DB29004E1209 /* Info.plist */,
			);
			path = LocalGlimpse;
			sourceTree = "<group>";
		};
		A93A4EC721F6DB29004E1209 /* LocalGlimpseTests */ = {
			isa = PBXGroup;
			children = (
				A93A4EC821F6DB29004E1209 /* LocalGlimpseTests.swift */,
				A93A4ECA21F6DB29004E1209 /* Info.plist */,
			);
			path = LocalGlimpseTests;
			sourceTree = "<group>";
		};
		A93A4ED221F6DB29004E1209 /* LocalGlimpseUITests */ = {
			isa = PBXGroup;
			children = (
				A93A4ED321F6DB29004E1209 /* LocalGlimpseUITests.swift */,
				A93A4ED521F6DB29004E1209 /* Info.plist */,
			);
			path = LocalGlimpseUITests;
			sourceTree = "<group>";
		};
/* End PBXGroup section */

/* Begin PBXNativeTarget section */
		A93A4EAF21F6DB27004E1209 /* LocalGlimpse */ = {
			isa = PBXNativeTarget;
			buildConfigurationList = A93A4ED821F6DB29004E1209 /* Build configuration list for PBXNativeTarget "LocalGlimpse" */;
			buildPhases = (
				A93A4EAC21F6DB27004E1209 /* Sources */,
				A93A4EAD21F6DB27004E1209 /* Frameworks */,
				A93A4EAE21F6DB27004E1209 /* Resources */,
			);
			buildRules = (
			);
			dependencies = (
			);
			name = LocalGlimpse;
			productName = LocalGlimpse;
			productReference = A93A4EB021F6DB27004E1209 /* LocalGlimpse.app */;
			productType = "com.apple.product-type.application";
		};
		A93A4EC321F6DB29004E1209 /* LocalGlimpseTests */ = {
			isa = PBXNativeTarget;
			buildConfigurationList = A93A4EDB21F6DB29004E1209 /* Build configuration list for PBXNativeTarget "LocalGlimpseTests" */;
			buildPhases = (
				A93A4EC021F6DB29004E1209 /* Sources */,
				A93A4EC121F6DB29004E1209 /* Frameworks */,
				A93A4EC221F6DB29004E1209 /* Resources */,
			);
			buildRules = (
			);
			dependencies = (
				A93A4EC621F6DB29004E1209 /* PBXTargetDependency */,
			);
			name = LocalGlimpseTests;
			productName = LocalGlimpseTests;
			productReference = A93A4EC421F6DB29004E1209 /* LocalGlimpseTests.xctest */;
			productType = "com.apple.product-type.bundle.unit-test";
		};
		A93A4ECE21F6DB29004E1209 /* LocalGlimpseUITests */ = {
			isa = PBXNativeTarget;
			buildConfigurationList = A93A4EDE21F6DB29004E1209 /* Build configuration list for PBXNativeTarget "LocalGlimpseUITests" */;
			buildPhases = (
				A93A4ECB21F6DB29004E1209 /* Sources */,
				A93A4ECC21F6DB29004E1209 /* Frameworks */,
				A93A4ECD21F6DB29004E1209 /* Resources */,
			);
			buildRules = (
			);
			dependencies = (
				A93A4ED121F6DB29004E1209 /* PBXTargetDependency */,
			);
			name = LocalGlimpseUITests;
			productName = LocalGlimpseUITests;
			productReference = A93A4ECF21F6DB29004E1209 /* LocalGlimpseUITests.xctest */;
			productType = "com.apple.product-type.bundle.ui-testing";
		};
/* End PBXNativeTarget section */

/* Begin PBXProject section */
		A93A4EA821F6DB27004E1209 /* Project object */ = {
			isa = PBXProject;
			attributes = {
				LastSwiftUpdateCheck = 1010;
				LastUpgradeCheck = 1010;
				ORGANIZATIONNAME = "Kelson Flint";
				TargetAttributes = {
					A93A4EAF21F6DB27004E1209 = {
						CreatedOnToolsVersion = 10.1;
					};
					A93A4EC321F6DB29004E1209 = {
						CreatedOnToolsVersion = 10.1;
						TestTargetID = A93A4EAF21F6DB27004E1209;
					};
					A93A4ECE21F6DB29004E1209 = {
						CreatedOnToolsVersion = 10.1;
						TestTargetID = A93A4EAF21F6DB27004E1209;
					};
				};
			};
			buildConfigurationList = A93A4EAB21F6DB27004E1209 /* Build configuration list for PBXProject "LocalGlimpse" */;
			compatibilityVersion = "Xcode 9.3";
			developmentRegion = en;
			hasScannedForEncodings = 0;
			knownRegions = (
				en,
				Base,
			);
			mainGroup = A93A4EA721F6DB27004E1209;
			productRefGroup = A93A4EB121F6DB27004E1209 /* Products */;
			projectDirPath = "";
			projectRoot = "";
			targets = (
				A93A4EAF21F6DB27004E1209 /* LocalGlimpse */,
				A93A4EC321F6DB29004E1209 /* LocalGlimpseTests */,
				A93A4ECE21F6DB29004E1209 /* LocalGlimpseUITests */,
			);
		};
/* End PBXProject section */

/* Begin PBXResourcesBuildPhase section */
		A93A4EAE21F6DB27004E1209 /* Resources */ = {
			isa = PBXResourcesBuildPhase;
			buildActionMask = 2147483647;
			files = (
				A93A4EBE21F6DB29004E1209 /* LaunchScreen.storyboard in Resources */,
				A93A4EBB21F6DB29004E1209 /* Assets.xcassets in Resources */,
				A93A4EB921F6DB27004E1209 /* Main.storyboard in Resources */,
			);
			runOnlyForDeploymentPostprocessing = 0;
		};
		A93A4EC221F6DB29004E1209 /* Resources */ = {
			isa = PBXResourcesBuildPhase;
			buildActionMask = 2147483647;
			files = (
			);
			runOnlyForDeploymentPostprocessing = 0;
		};
		A93A4ECD21F6DB29004E1209 /* Resources */ = {
			isa = PBXResourcesBuildPhase;
			buildActionMask = 2147483647;
			files = (
			);
			runOnlyForDeploymentPostprocessing = 0;
		};
/* End PBXResourcesBuildPhase section */

/* Begin PBXSourcesBuildPhase section */
		A93A4EAC21F6DB27004E1209 /* Sources */ = {
			isa = PBXSourcesBuildPhase;
			buildActionMask = 2147483647;
			files = (
				A93A4EB621F6DB27004E1209 /* ViewController.swift in Sources */,
				A93A4EB421F6DB27004E1209 /* AppDelegate.swift in Sources */,
			);
			runOnlyForDeploymentPostprocessing = 0;
		};
		A93A4EC021F6DB29004E1209 /* Sources */ = {
			isa = PBXSourcesBuildPhase;
			buildActionMask = 2147483647;
			files = (
				A93A4EC921F6DB29004E1209 /* LocalGlimpseTests.swift in Sources */,
			);
			runOnlyForDeploymentPostprocessing = 0;
		};
		A93A4ECB21F6DB29004E1209 /* Sources */ = {
			isa = PBXSourcesBuildPhase;
			buildActionMask = 2147483647;
			files = (
				A93A4ED421F6DB29004E1209 /* LocalGlimpseUITests.swift in Sources */,
			);
			runOnlyForDeploymentPostprocessing = 0;
		};
/* End PBXSourcesBuildPhase section */

/* Begin PBXTargetDependency section */
		A93A4EC621F6DB29004E1209 /* PBXTargetDependency */ = {
			isa = PBXTargetDependency;
			target = A93A4EAF21F6DB27004E1209 /* LocalGlimpse */;
			targetProxy = A93A4EC521F6DB29004E1209 /* PBXContainerItemProxy */;
		};
		A93A4ED121F6DB29004E1209 /* PBXTargetDependency */ = {
			isa = PBXTargetDependency;
			target = A93A4EAF21F6DB27004E1209 /* LocalGlimpse */;
			targetProxy = A93A4ED021F6DB29004E1209 /* PBXContainerItemProxy */;
		};
/* End PBXTargetDependency section */

/* Begin PBXVariantGroup section */
		A93A4EB721F6DB27004E1209 /* Main.storyboard */ = {
			isa = PBXVariantGroup;
			children = (
				A93A4EB821F6DB27004E1209 /* Base */,
			);
			name = Main.storyboard;
			sourceTree = "<group>";
		};
		A93A4EBC21F6DB29004E1209 /* LaunchScreen.storyboard */ = {
			isa = PBXVariantGroup;
			children = (
				A93A4EBD21F6DB29004E1209 /* Base */,
			);
			name = LaunchScreen.storyboard;
			sourceTree = "<group>";
		};
/* End PBXVariantGroup section */

/* Begin XCBuildConfiguration section */
		A93A4ED621F6DB29004E1209 /* Debug */ = {
			isa = XCBuildConfiguration;
			buildSettings = {
				ALWAYS_SEARCH_USER_PATHS = NO;
				CLANG_ANALYZER_NONNULL = YES;
				CLANG_ANALYZER_NUMBER_OBJECT_CONVERSION = YES_AGGRESSIVE;
				CLANG_CXX_LANGUAGE_STANDARD = "gnu++14";
				CLANG_CXX_LIBRARY = "libc++";
				CLANG_ENABLE_MODULES = YES;
				CLANG_ENABLE_OBJC_ARC = YES;
				CLANG_ENABLE_OBJC_WEAK = YES;
				CLANG_WARN_BLOCK_CAPTURE_AUTORELEASING = YES;
				CLANG_WARN_BOOL_CONVERSION = YES;
				CLANG_WARN_COMMA = YES;
				CLANG_WARN_CONSTANT_CONVERSION = YES;
				CLANG_WARN_DEPRECATED_OBJC_IMPLEMENTATIONS = YES;
				CLANG_WARN_DIRECT_OBJC_ISA_USAGE = YES_ERROR;
				CLANG_WARN_DOCUMENTATION_COMMENTS = YES;
				CLANG_WARN_EMPTY_BODY = YES;
				CLANG_WARN_ENUM_CONVERSION = YES;
				CLANG_WARN_INFINITE_RECURSION = YES;
				CLANG_WARN_INT_CONVERSION = YES;
				CLANG_WARN_NON_LITERAL_NULL_CONVERSION = YES;
				CLANG_WARN_OBJC_IMPLICIT_RETAIN_SELF = YES;
				CLANG_WARN_OBJC_LITERAL_CONVERSION = YES;
				CLANG_WARN_OBJC_ROOT_CLASS = YES_ERROR;
				CLANG_WARN_RANGE_LOOP_ANALYSIS = YES;
				CLANG_WARN_STRICT_PROTOTYPES = YES;
				CLANG_WARN_SUSPICIOUS_MOVE = YES;
				CLANG_WARN_UNGUARDED_AVAILABILITY = YES_AGGRESSIVE;
				CLANG_WARN_UNREACHABLE_CODE = YES;
				CLANG_WARN__DUPLICATE_METHOD_MATCH = YES;
				CODE_SIGN_IDENTITY = "iPhone Developer";
				COPY_PHASE_STRIP = NO;
				DEBUG_INFORMATION_FORMAT = dwarf;
				ENABLE_STRICT_OBJC_MSGSEND = YES;
				ENABLE_TESTABILITY = YES;
				GCC_C_LANGUAGE_STANDARD = gnu11;
				GCC_DYNAMIC_NO_PIC = NO;
				GCC_NO_COMMON_BLOCKS = YES;
				GCC_OPTIMIZATION_LEVEL = 0;
				GCC_PREPROCESSOR_DEFINITIONS = (
					"DEBUG=1",
					"$(inherited)",
				);
				GCC_WARN_64_TO_32_BIT_CONVERSION = YES;
				GCC_WARN_ABOUT_RETURN_TYPE = YES_ERROR;
				GCC_WARN_UNDECLARED_SELECTOR = YES;
				GCC_WARN_UNINITIALIZED_AUTOS = YES_AGGRESSIVE;
				GCC_WARN_UNUSED_FUNCTION = YES;
				GCC_WARN_UNUSED_VARIABLE = YES;
				IPHONEOS_DEPLOYMENT_TARGET = 12.1;
				MTL_ENABLE_DEBUG_INFO = INCLUDE_SOURCE;
				MTL_FAST_MATH = YES;
				ONLY_ACTIVE_ARCH = YES;
				SDKROOT = iphoneos;
				SWIFT_ACTIVE_COMPILATION_CONDITIONS = DEBUG;
				SWIFT_OPTIMIZATION_LEVEL = "-Onone";
			};
			name = Debug;
		};
		A93A4ED721F6DB29004E1209 /* Release */ = {
			isa = XCBuildConfiguration;
			buildSettings = {
				ALWAYS_SEARCH_USER_PATHS = NO;
				CLANG_ANALYZER_NONNULL = YES;
				CLANG_ANALYZER_NUMBER_OBJECT_CONVERSION = YES_AGGRESSIVE;
				CLANG_CXX_LANGUAGE_STANDARD = "gnu++14";
				CLANG_CXX_LIBRARY = "libc++";
				CLANG_ENABLE_MODULES = YES;
				CLANG_ENABLE_OBJC_ARC = YES;
				CLANG_ENABLE_OBJC_WEAK = YES;
				CLANG_WARN_BLOCK_CAPTURE_AUTORELEASING = YES;
				CLANG_WARN_BOOL_CONVERSION = YES;
				CLANG_WARN_COMMA = YES;
				CLANG_WARN_CONSTANT_CONVERSION = YES;
				CLANG_WARN_DEPRECATED_OBJC_IMPLEMENTATIONS = YES;
				CLANG_WARN_DIRECT_OBJC_ISA_USAGE = YES_ERROR;
				CLANG_WARN_DOCUMENTATION_COMMENTS = YES;
				CLANG_WARN_EMPTY_BODY = YES;
				CLANG_WARN_ENUM_CONVERSION = YES;
				CLANG_WARN_INFINITE_RECURSION = YES;
				CLANG_WARN_INT_CONVERSION = YES;
				CLANG_WARN_NON_LITERAL_NULL_CONVERSION = YES;
				CLANG_WARN_OBJC_IMPLICIT_RETAIN_SELF = YES;
				CLANG_WARN_OBJC_LITERAL_CONVERSION = YES;
				CLANG_WARN_OBJC_ROOT_CLASS = YES_ERROR;
				CLANG_WARN_RANGE_LOOP_ANALYSIS = YES;
				CLANG_WARN_STRICT_PROTOTYPES = YES;
				CLANG_WARN_SUSPICIOUS_MOVE = YES;
				CLANG_WARN_UNGUARDED_AVAILABILITY = YES_AGGRESSIVE;
				CLANG_WARN_UNREACHABLE_CODE = YES;
				CLANG_WARN__DUPLICATE_METHOD_MATCH = YES;
				CODE_SIGN_IDENTITY = "iPhone Developer";
				COPY_PHASE_STRIP = NO;
				DEBUG_INFORMATION_FORMAT = "dwarf-with-dsym";
				ENABLE_NS_ASSERTIONS = NO;
				ENABLE_STRICT_OBJC_MSGSEND = YES;
				GCC_C_LANGUAGE_STANDARD = gnu11;
				GCC_NO_COMMON_BLOCKS = YES;
				GCC_WARN_64_TO_32_BIT_CONVERSION = YES;
				GCC_WARN_ABOUT_RETURN_TYPE = YES_ERROR;
				GCC_WARN_UNDECLARED_SELECTOR = YES;
				GCC_WARN_UNINITIALIZED_AUTOS = YES_AGGRESSIVE;
				GCC_WARN_UNUSED_FUNCTION = YES;
				GCC_WARN_UNUSED_VARIABLE = YES;
				IPHONEOS_DEPLOYMENT_TARGET = 12.1;
				MTL_ENABLE_DEBUG_INFO = NO;
				MTL_FAST_MATH = YES;
				SDKROOT = iphoneos;
				SWIFT_COMPILATION_MODE = wholemodule;
				SWIFT_OPTIMIZATION_LEVEL = "-O";
				VALIDATE_PRODUCT = YES;
			};
			name = Release;
		};
		A93A4ED921F6DB29004E1209 /* Debug */ = {
			isa = XCBuildConfiguration;
			buildSettings = {
				ASSETCATALOG_COMPILER_APPICON_NAME = AppIcon;
				CODE_SIGN_STYLE = Automatic;
				INFOPLIST_FILE = LocalGlimpse/Info.plist;
				LD_RUNPATH_SEARCH_PATHS = (
					"$(inherited)",
					"@executable_path/Frameworks",
				);
				PRODUCT_BUNDLE_IDENTIFIER = idk.LocalGlimpse;
				PRODUCT_NAME = "$(TARGET_NAME)";
				SWIFT_VERSION = 4.2;
				TARGETED_DEVICE_FAMILY = "1,2";
			};
			name = Debug;
		};
		A93A4EDA21F6DB29004E1209 /* Release */ = {
			isa = XCBuildConfiguration;
			buildSettings = {
				ASSETCATALOG_COMPILER_APPICON_NAME = AppIcon;
				CODE_SIGN_STYLE = Automatic;
				INFOPLIST_FILE = LocalGlimpse/Info.plist;
				LD_RUNPATH_SEARCH_PATHS = (
					"$(inherited)",
					"@executable_path/Frameworks",
				);
				PRODUCT_BUNDLE_IDENTIFIER = idk.LocalGlimpse;
				PRODUCT_NAME = "$(TARGET_NAME)";
				SWIFT_VERSION = 4.2;
				TARGETED_DEVICE_FAMILY = "1,2";
			};
			name = Release;
		};
		A93A4EDC21F6DB29004E1209 /* Debug */ = {
			isa = XCBuildConfiguration;
			buildSettings = {
				ALWAYS_EMBED_SWIFT_STANDARD_LIBRARIES = YES;
				BUNDLE_LOADER = "$(TEST_HOST)";
				CODE_SIGN_STYLE = Automatic;
				INFOPLIST_FILE = LocalGlimpseTests/Info.plist;
				LD_RUNPATH_SEARCH_PATHS = (
					"$(inherited)",
					"@executable_path/Frameworks",
					"@loader_path/Frameworks",
				);
				PRODUCT_BUNDLE_IDENTIFIER = idk.LocalGlimpseTests;
				PRODUCT_NAME = "$(TARGET_NAME)";
				SWIFT_VERSION = 4.2;
				TARGETED_DEVICE_FAMILY = "1,2";
				TEST_HOST = "$(BUILT_PRODUCTS_DIR)/LocalGlimpse.app/LocalGlimpse";
			};
			name = Debug;
		};
		A93A4EDD21F6DB29004E1209 /* Release */ = {
			isa = XCBuildConfiguration;
			buildSettings = {
				ALWAYS_EMBED_SWIFT_STANDARD_LIBRARIES = YES;
				BUNDLE_LOADER = "$(TEST_HOST)";
				CODE_SIGN_STYLE = Automatic;
				INFOPLIST_FILE = LocalGlimpseTests/Info.plist;
				LD_RUNPATH_SEARCH_PATHS = (
					"$(inherited)",
					"@executable_path/Frameworks",
					"@loader_path/Frameworks",
				);
				PRODUCT_BUNDLE_IDENTIFIER = idk.LocalGlimpseTests;
				PRODUCT_NAME = "$(TARGET_NAME)";
				SWIFT_VERSION = 4.2;
				TARGETED_DEVICE_FAMILY = "1,2";
				TEST_HOST = "$(BUILT_PRODUCTS_DIR)/LocalGlimpse.app/LocalGlimpse";
			};
			name = Release;
		};
		A93A4EDF21F6DB29004E1209 /* Debug */ = {
			isa = XCBuildConfiguration;
			buildSettings = {
				ALWAYS_EMBED_SWIFT_STANDARD_LIBRARIES = YES;
				CODE_SIGN_STYLE = Automatic;
				INFOPLIST_FILE = LocalGlimpseUITests/Info.plist;
				LD_RUNPATH_SEARCH_PATHS = (
					"$(inherited)",
					"@executable_path/Frameworks",
					"@loader_path/Frameworks",
				);
				PRODUCT_BUNDLE_IDENTIFIER = idk.LocalGlimpseUITests;
				PRODUCT_NAME = "$(TARGET_NAME)";
				SWIFT_VERSION = 4.2;
				TARGETED_DEVICE_FAMILY = "1,2";
				TEST_TARGET_NAME = LocalGlimpse;
			};
			name = Debug;
		};
		A93A4EE021F6DB29004E1209 /* Release */ = {
			isa = XCBuildConfiguration;
			buildSettings = {
				ALWAYS_EMBED_SWIFT_STANDARD_LIBRARIES = YES;
				CODE_SIGN_STYLE = Automatic;
				INFOPLIST_FILE = LocalGlimpseUITests/Info.plist;
				LD_RUNPATH_SEARCH_PATHS = (
					"$(inherited)",
					"@executable_path/Frameworks",
					"@loader_path/Frameworks",
				);
				PRODUCT_BUNDLE_IDENTIFIER = idk.LocalGlimpseUITests;
				PRODUCT_NAME = "$(TARGET_NAME)";
				SWIFT_VERSION = 4.2;
				TARGETED_DEVICE_FAMILY = "1,2";
				TEST_TARGET_NAME = LocalGlimpse;
			};
			name = Release;
		};
/* End XCBuildConfiguration section */

/* Begin XCConfigurationList section */
		A93A4EAB21F6DB27004E1209 /* Build configuration list for PBXProject "LocalGlimpse" */ = {
			isa = XCConfigurationList;
			buildConfigurations = (
				A93A4ED621F6DB29004E1209 /* Debug */,
				A93A4ED721F6DB29004E1209 /* Release */,
			);
			defaultConfigurationIsVisible = 0;
			defaultConfigurationName = Release;
		};
		A93A4ED821F6DB29004E1209 /* Build configuration list for PBXNativeTarget "LocalGlimpse" */ = {
			isa = XCConfigurationList;
			buildConfigurations = (
				A93A4ED921F6DB29004E1209 /* Debug */,
				A93A4EDA21F6DB29004E1209 /* Release */,
			);
			defaultConfigurationIsVisible = 0;
			defaultConfigurationName = Release;
		};
		A93A4EDB21F6DB29004E1209 /* Build configuration list for PBXNativeTarget "LocalGlimpseTests" */ = {
			isa = XCConfigurationList;
			buildConfigurations = (
				A93A4EDC21F6DB29004E1209 /* Debug */,
				A93A4EDD21F6DB29004E1209 /* Release */,
			);
			defaultConfigurationIsVisible = 0;
			defaultConfigurationName = Release;
		};
		A93A4EDE21F6DB29004E1209 /* Build configuration list for PBXNativeTarget "LocalGlimpseUITests" */ = {
			isa = XCConfigurationList;
			buildConfigurations = (
				A93A4EDF21F6DB29004E1209 /* Debug */,
				A93A4EE021F6DB29004E1209 /* Release */,
			);
			defaultConfigurationIsVisible = 0;
			defaultConfigurationName = Release;
		};
/* End XCConfigurationList section */
	};
	rootObject = A93A4EA821F6DB27004E1209 /* Project object */;
}
